
Microsoft Visual Studio Solution File, Format Version 12.00
# Visual Studio Version 16
VisualStudioVersion = 16.0.32228.343
MinimumVisualStudioVersion = 10.0.40219.1
Project("{FAE04EC0-301F-11D3-BF4B-00C04F79EFBC}") = "ProxyPattern", "ProxyPattern\ProxyPattern.csproj", "{A8D47F56-EF6B-4370-9FB6-4AF09B6AB52B}"
EndProject
Global
	GlobalSection(SolutionConfigurationPlatforms) = preSolution
		Debug|Any CPU = Debug|Any CPU
		Release|Any CPU = Release|Any CPU
	EndGlobalSection
	GlobalSection(ProjectConfigurationPlatforms) = postSolution
		{A8D47F56-EF6B-4370-9FB6-4AF09B6AB52B}.Debug|Any CPU.ActiveCfg = Debug|Any CPU
		{A8D47F56-EF6B-4370-9FB6-4AF09B6AB52B}.Debug|Any CPU.Build.0 = Debug|Any CPU
		{A8D47F56-EF6B-4370-9FB6-4AF09B6AB52B}.Release|Any CPU.ActiveCfg = Release|Any CPU
		{A8D47F56-EF6B-4370-9FB6-4AF09B6AB52B}.Release|Any CPU.Build.0 = Release|Any CPU
	EndGlobalSection
	GlobalSection(SolutionProperties) = preSolution
		HideSolutionNode = FALSE
	EndGlobalSection
	GlobalSection(ExtensibilityGlobals) = postSolution
		SolutionGuid = {7385E921-8ED3-40DE-9264-BF70EF57B1E4}
	EndGlobalSection
EndGlobal
